Microsoft Visual Studio Solution File, Format Version 12.00
# Visual Studio Version 16
VisualStudioVersion = 16.0.31112.23
MinimumVisualStudioVersion = 10.0.40219.1
Project("{FAE04EC0-301F-11D3-BF4B-00C04F79EFBC}") = "Unity.Model", "Unity.Model\Unity.Model.csproj", "{81E60A91-CA3D-4752-B1D0-063F663EDA1F}"
EndProject
Project("{FAE04EC0-301F-11D3-BF4B-00C04F79EFBC}") = "Combiner", "..\Combiner\Combiner.csproj", "{B5031E56-20A8-4F4C-8CDB-AD91205F24D5}"
EndProject
Global
	GlobalSection(SolutionConfigurationPlatforms) = preSolution
		Debug|Any CPU = Debug|Any CPU
		Release|Any CPU = Release|Any CPU
	EndGlobalSection
	GlobalSection(ProjectConfigurationPlatforms) = postSolution
		{81E60A91-CA3D-4752-B1D0-063F663EDA1F}.Debug|Any CPU.ActiveCfg = Debug|Any CPU
		{81E60A91-CA3D-4752-B1D0-063F663EDA1F}.Debug|Any CPU.Build.0 = Debug|Any CPU
		{81E60A91-CA3D-4752-B1D0-063F663EDA1F}.Release|Any CPU.ActiveCfg = Release|Any CPU
		{81E60A91-CA3D-4752-B1D0-063F663EDA1F}.Release|Any CPU.Build.0 = Release|Any CPU
		{B5031E56-20A8-4F4C-8CDB-AD91205F24D5}.Debug|Any CPU.ActiveCfg = Debug|Any CPU
		{B5031E56-20A8-4F4C-8CDB-AD91205F24D5}.Debug|Any CPU.Build.0 = Debug|Any CPU
		{B5031E56-20A8-4F4C-8CDB-AD91205F24D5}.Release|Any CPU.ActiveCfg = Release|Any CPU
		{B5031E56-20A8-4F4C-8CDB-AD91205F24D5}.Release|Any CPU.Build.0 = Release|Any CPU
	EndGlobalSection
	GlobalSection(SolutionProperties) = preSolution
		HideSolutionNode = FALSE
	EndGlobalSection
	GlobalSection(ExtensibilityGlobals) = postSolution
		SolutionGuid = {91DE5251-B833-482F-8812-802F49E17F6F}
	EndGlobalSection
EndGlobal
